
Microsoft Visual Studio Solution File, Format Version 12.00
# Visual Studio 2013
VisualStudioVersion = 12.0.21005.1
MinimumVisualStudioVersion = 10.0.40219.1
Project("{FAE04EC0-301F-11D3-BF4B-00C04F79EFBC}") = "EGE.Models", "EGE.Models\EGE.Models.csproj", "{91ABA0F4-9832-49C1-A31F-D43381E86B70}"
EndProject
Project("{FAE04EC0-301F-11D3-BF4B-00C04F79EFBC}") = "EGE.Data", "EGE.Data\EGE.Data.csproj", "{2D8C1F86-2F8F-44A6-96A5-E54D427068C9}"
EndProject
Project("{FAE04EC0-301F-11D3-BF4B-00C04F79EFBC}") = "EGE.Web", "EGE.Web\EGE.Web.csproj", "{0788334A-94F9-4C58-ACBC-7DB38C442C0D}"
EndProject
Global
	GlobalSection(SolutionConfigurationPlatforms) = preSolution
		Debug|Any CPU = Debug|Any CPU
		Release|Any CPU = Release|Any CPU
	EndGlobalSection
	GlobalSection(ProjectConfigurationPlatforms) = postSolution
		{91ABA0F4-9832-49C1-A31F-D43381E86B70}.Debug|Any CPU.ActiveCfg = Debug|Any CPU
		{91ABA0F4-9832-49C1-A31F-D43381E86B70}.Debug|Any CPU.Build.0 = Debug|Any CPU
		{91ABA0F4-9832-49C1-A31F-D43381E86B70}.Release|Any CPU.ActiveCfg = Release|Any CPU
		{91ABA0F4-9832-49C1-A31F-D43381E86B70}.Release|Any CPU.Build.0 = Release|Any CPU
		{2D8C1F86-2F8F-44A6-96A5-E54D427068C9}.Debug|Any CPU.ActiveCfg = Debug|Any CPU
		{2D8C1F86-2F8F-44A6-96A5-E54D427068C9}.Debug|Any CPU.Build.0 = Debug|Any CPU
		{2D8C1F86-2F8F-44A6-96A5-E54D427068C9}.Release|Any CPU.ActiveCfg = Release|Any CPU
		{2D8C1F86-2F8F-44A6-96A5-E54D427068C9}.Release|Any CPU.Build.0 = Release|Any CPU
		{0788334A-94F9-4C58-ACBC-7DB38C442C0D}.Debug|Any CPU.ActiveCfg = Debug|Any CPU
		{0788334A-94F9-4C58-ACBC-7DB38C442C0D}.Debug|Any CPU.Build.0 = Debug|Any CPU
		{0788334A-94F9-4C58-ACBC-7DB38C442C0D}.Release|Any CPU.ActiveCfg = Release|Any CPU
		{0788334A-94F9-4C58-ACBC-7DB38C442C0D}.Release|Any CPU.Build.0 = Release|Any CPU
	EndGlobalSection
	GlobalSection(SolutionProperties) = preSolution
		HideSolutionNode = FALSE
	EndGlobalSection
EndGlobal
